
Microsoft Visual Studio Solution File, Format Version 12.00
# Visual Studio Version 17
VisualStudioVersion = 17.7.34003.232
MinimumVisualStudioVersion = 10.0.40219.1
Project("{FAE04EC0-301F-11D3-BF4B-00C04F79EFBC}") = "GitHubWorkflowTest", "GitHubWorkflowTest\GitHubWorkflowTest.csproj", "{91B17F3D-9705-4DFB-A941-3FF7F205B712}"
EndProject
Global
	GlobalSection(SolutionConfigurationPlatforms) = preSolution
		Debug|Any CPU = Debug|Any CPU
		Release|Any CPU = Release|Any CPU
	EndGlobalSection
	GlobalSection(ProjectConfigurationPlatforms) = postSolution
		{91B17F3D-9705-4DFB-A941-3FF7F205B712}.Debug|Any CPU.ActiveCfg = Debug|Any CPU
		{91B17F3D-9705-4DFB-A941-3FF7F205B712}.Debug|Any CPU.Build.0 = Debug|Any CPU
		{91B17F3D-9705-4DFB-A941-3FF7F205B712}.Release|Any CPU.ActiveCfg = Release|Any CPU
		{91B17F3D-9705-4DFB-A941-3FF7F205B712}.Release|Any CPU.Build.0 = Release|Any CPU
	EndGlobalSection
	GlobalSection(SolutionProperties) = preSolution
		HideSolutionNode = FALSE
	EndGlobalSection
	GlobalSection(ExtensibilityGlobals) = postSolution
		SolutionGuid = {2F1B8877-9DF5-4D8C-8F77-B8C7F36E0A73}
	EndGlobalSection
EndGlobal
